// !$*UTF8*$!
{
	archiveVersion = 1;
	classes = {
	};
	objectVersion = 56;
	objects = {

/* Begin PBXBuildFile section */
		45DF99201A43092EA16B3503 /* Pods_LoginAPI.framework in Frameworks */ = {isa = PBXBuildFile; fileRef = A18E70F3190D9042BAC26D7A /* Pods_LoginAPI.framework */; };
		5E23362F29E4E12900F2E544 /* AppDelegate.swift in Sources */ = {isa = PBXBuildFile; fileRef = 5E23362E29E4E12900F2E544 /* AppDelegate.swift */; };
		5E23363129E4E12900F2E544 /* SceneDelegate.swift in Sources */ = {isa = PBXBuildFile; fileRef = 5E23363029E4E12900F2E544 /* SceneDelegate.swift */; };
		5E23363329E4E12900F2E544 /* ViewController.swift in Sources */ = {isa = PBXBuildFile; fileRef = 5E23363229E4E12900F2E544 /* ViewController.swift */; };
		5E23363629E4E12900F2E544 /* Main.storyboard in Resources */ = {isa = PBXBuildFile; fileRef = 5E23363429E4E12900F2E544 /* Main.storyboard */; };
		5E23363829E4E12A00F2E544 /* Assets.xcassets in Resources */ = {isa = PBXBuildFile; fileRef = 5E23363729E4E12A00F2E544 /* Assets.xcassets */; };
		5E23363B29E4E12A00F2E544 /* LaunchScreen.storyboard in Resources */ = {isa = PBXBuildFile; fileRef = 5E23363929E4E12A00F2E544 /* LaunchScreen.storyboard */; };
		5E89986A29ECDCE1006FB1E3 /* JWTdecode.swift in Sources */ = {isa = PBXBuildFile; fileRef = 5E89986929ECDCE1006FB1E3 /* JWTdecode.swift */; };
		5EC9DFE429EE731400E2171F /* SNSLogin.swift in Sources */ = {isa = PBXBuildFile; fileRef = 5EC9DFE329EE731400E2171F /* SNSLogin.swift */; };
/* End PBXBuildFile section */

/* Begin PBXFileReference section */
		22117BA72A336E145A1FB48B /* Pods-LoginAPI.release.xcconfig */ = {isa = PBXFileReference; includeInIndex = 1; lastKnownFileType = text.xcconfig; name = "Pods-LoginAPI.release.xcconfig"; path = "Target Support Files/Pods-LoginAPI/Pods-LoginAPI.release.xcconfig"; sourceTree = "<group>"; };
		5E23362B29E4E12900F2E544 /* LoginAPI.app */ = {isa = PBXFileReference; explicitFileType = wrapper.application; includeInIndex = 0; path = LoginAPI.app; sourceTree = BUILT_PRODUCTS_DIR; };
		5E23362E29E4E12900F2E544 /* AppDelegate.swift */ = {isa = PBXFileReference; lastKnownFileType = sourcecode.swift; path = AppDelegate.swift; sourceTree = "<group>"; };
		5E23363029E4E12900F2E544 /* SceneDelegate.swift */ = {isa = PBXFileReference; lastKnownFileType = sourcecode.swift; path = SceneDelegate.swift; sourceTree = "<group>"; };
		5E23363229E4E12900F2E544 /* ViewController.swift */ = {isa = PBXFileReference; lastKnownFileType = sourcecode.swift; path = ViewController.swift; sourceTree = "<group>"; };
		5E23363529E4E12900F2E544 /* Base */ = {isa = PBXFileReference; lastKnownFileType = file.storyboard; name = Base; path = Base.lproj/Main.storyboard; sourceTree = "<group>"; };
		5E23363729E4E12A00F2E544 /* Assets.xcassets */ = {isa = PBXFileReference; lastKnownFileType = folder.assetcatalog; path = Assets.xcassets; sourceTree = "<group>"; };
		5E23363A29E4E12A00F2E544 /* Base */ = {isa = PBXFileReference; lastKnownFileType = file.storyboard; name = Base; path = Base.lproj/LaunchScreen.storyboard; sourceTree = "<group>"; };
		5E23363C29E4E12A00F2E544 /* Info.plist */ = {isa = PBXFileReference; lastKnownFileType = text.plist.xml; path = Info.plist; sourceTree = "<group>"; };
		5E89986929ECDCE1006FB1E3 /* JWTdecode.swift */ = {isa = PBXFileReference; lastKnownFileType = sourcecode.swift; path = JWTdecode.swift; sourceTree = "<group>"; };
		5E89986B29ECDE95006FB1E3 /* LoginAPI.entitlements */ = {isa = PBXFileReference; lastKnownFileType = text.plist.entitlements; path = LoginAPI.entitlements; sourceTree = "<group>"; };
		5EC9DFE329EE731400E2171F /* SNSLogin.swift */ = {isa = PBXFileReference; lastKnownFileType = sourcecode.swift; path = SNSLogin.swift; sourceTree = "<group>"; };
		A18E70F3190D9042BAC26D7A /* Pods_LoginAPI.framework */ = {isa = PBXFileReference; explicitFileType = wrapper.framework; includeInIndex = 0; path = Pods_LoginAPI.framework; sourceTree = BUILT_PRODUCTS_DIR; };
		CD75C1F8F89864A4437FE2C3 /* Pods-LoginAPI.debug.xcconfig */ = {isa = PBXFileReference; includeInIndex = 1; lastKnownFileType = text.xcconfig; name = "Pods-LoginAPI.debug.xcconfig"; path = "Target Support Files/Pods-LoginAPI/Pods-LoginAPI.debug.xcconfig"; sourceTree = "<group>"; };
/* End PBXFileReference section */

/* Begin PBXFrameworksBuildPhase section */
		5E23362829E4E12900F2E544 /* Frameworks */ = {
			isa = PBXFrameworksBuildPhase;
			buildActionMask = 2147483647;
			files = (
				45DF99201A43092EA16B3503 /* Pods_LoginAPI.framework in Frameworks */,
			);
			runOnlyForDeploymentPostprocessing = 0;
		};
/* End PBXFrameworksBuildPhase section */

/* Begin PBXGroup section */
		154EE6D13C62FCD3FAB7205F /* Pods */ = {
			isa = PBXGroup;
			children = (
				CD75C1F8F89864A4437FE2C3 /* Pods-LoginAPI.debug.xcconfig */,
				22117BA72A336E145A1FB48B /* Pods-LoginAPI.release.xcconfig */,
			);
			path = Pods;
			sourceTree = "<group>";
		};
		5E23362229E4E12900F2E544 = {
			isa = PBXGroup;
			children = (
				5E23362D29E4E12900F2E544 /* LoginAPI */,
				5E23362C29E4E12900F2E544 /* Products */,
				154EE6D13C62FCD3FAB7205F /* Pods */,
				842EC4FC4E5D6AB590799B04 /* Frameworks */,
			);
			sourceTree = "<group>";
		};
		5E23362C29E4E12900F2E544 /* Products */ = {
			isa = PBXGroup;
			children = (
				5E23362B29E4E12900F2E544 /* LoginAPI.app */,
			);
			name = Products;
			sourceTree = "<group>";
		};
		5E23362D29E4E12900F2E544 /* LoginAPI */ = {
			isa = PBXGroup;
			children = (
				5E89986B29ECDE95006FB1E3 /* LoginAPI.entitlements */,
				5E23362E29E4E12900F2E544 /* AppDelegate.swift */,
				5E23363029E4E12900F2E544 /* SceneDelegate.swift */,
				5E23363229E4E12900F2E544 /* ViewController.swift */,
				5EC9DFE329EE731400E2171F /* SNSLogin.swift */,
				5E89986929ECDCE1006FB1E3 /* JWTdecode.swift */,
				5E23363429E4E12900F2E544 /* Main.storyboard */,
				5E23363729E4E12A00F2E544 /* Assets.xcassets */,
				5E23363929E4E12A00F2E544 /* LaunchScreen.storyboard */,
				5E23363C29E4E12A00F2E544 /* Info.plist */,
			);
			path = LoginAPI;
			sourceTree = "<group>";
		};
		842EC4FC4E5D6AB590799B04 /* Frameworks */ = {
			isa = PBXGroup;
			children = (
				A18E70F3190D9042BAC26D7A /* Pods_LoginAPI.framework */,
			);
			name = Frameworks;
			sourceTree = "<group>";
		};
/* End PBXGroup section */

/* Begin PBXNativeTarget section */
		5E23362A29E4E12900F2E544 /* LoginAPI */ = {
			isa = PBXNativeTarget;
			buildConfigurationList = 5E23363F29E4E12A00F2E544 /* Build configuration list for PBXNativeTarget "LoginAPI" */;
			buildPhases = (
				3356512DD0A16CBA795680A5 /* [CP] Check Pods Manifest.lock */,
				5E23362729E4E12900F2E544 /* Sources */,
				5E23362829E4E12900F2E544 /* Frameworks */,
				5E23362929E4E12900F2E544 /* Resources */,
				AFE99655A0D2B389F7F8CD9E /* [CP] Embed Pods Frameworks */,
			);
			buildRules = (
			);
			dependencies = (
			);
			name = LoginAPI;
			productName = LoginAPI;
			productReference = 5E23362B29E4E12900F2E544 /* LoginAPI.app */;
			productType = "com.apple.product-type.application";
		};
/* End PBXNativeTarget section */

/* Begin PBXProject section */
		5E23362329E4E12900F2E544 /* Project object */ = {
			isa = PBXProject;
			attributes = {
				BuildIndependentTargetsInParallel = 1;
				LastSwiftUpdateCheck = 1420;
				LastUpgradeCheck = 1420;
				TargetAttributes = {
					5E23362A29E4E12900F2E544 = {
						CreatedOnToolsVersion = 14.2;
					};
				};
			};
			buildConfigurationList = 5E23362629E4E12900F2E544 /* Build configuration list for PBXProject "LoginAPI" */;
			compatibilityVersion = "Xcode 14.0";
			developmentRegion = en;
			hasScannedForEncodings = 0;
			knownRegions = (
				en,
				Base,
			);
			mainGroup = 5E23362229E4E12900F2E544;
			productRefGroup = 5E23362C29E4E12900F2E544 /* Products */;
			projectDirPath = "";
			projectRoot = "";
			targets = (
				5E23362A29E4E12900F2E544 /* LoginAPI */,
			);
		};
/* End PBXProject section */

/* Begin PBXResourcesBuildPhase section */
		5E23362929E4E12900F2E544 /* Resources */ = {
			isa = PBXResourcesBuildPhase;
			buildActionMask = 2147483647;
			files = (
				5E23363B29E4E12A00F2E544 /* LaunchScreen.storyboard in Resources */,
				5E23363829E4E12A00F2E544 /* Assets.xcassets in Resources */,
				5E23363629E4E12900F2E544 /* Main.storyboard in Resources */,
			);
			runOnlyForDeploymentPostprocessing = 0;
		};
/* End PBXResourcesBuildPhase section */

/* Begin PBXShellScriptBuildPhase section */
		3356512DD0A16CBA795680A5 /* [CP] Check Pods Manifest.lock */ = {
			isa = PBXShellScriptBuildPhase;
			buildActionMask = 2147483647;
			files = (
			);
			inputFileListPaths = (
			);
			inputPaths = (
				"${PODS_PODFILE_DIR_PATH}/Podfile.lock",
				"${PODS_ROOT}/Manifest.lock",
			);
			name = "[CP] Check Pods Manifest.lock";
			outputFileListPaths = (
			);
			outputPaths = (
				"$(DERIVED_FILE_DIR)/Pods-LoginAPI-checkManifestLockResult.txt",
			);
			runOnlyForDeploymentPostprocessing = 0;
			shellPath = /bin/sh;
			shellScript = "diff \"${PODS_PODFILE_DIR_PATH}/Podfile.lock\" \"${PODS_ROOT}/Manifest.lock\" > /dev/null\nif [ $? != 0 ] ; then\n    # print error to STDERR\n    echo \"error: The sandbox is not in sync with the Podfile.lock. Run 'pod install' or update your CocoaPods installation.\" >&2\n    exit 1\nfi\n# This output is used by Xcode 'outputs' to avoid re-running this script phase.\necho \"SUCCESS\" > \"${SCRIPT_OUTPUT_FILE_0}\"\n";
			showEnvVarsInLog = 0;
		};
		AFE99655A0D2B389F7F8CD9E /* [CP] Embed Pods Frameworks */ = {
			isa = PBXShellScriptBuildPhase;
			buildActionMask = 2147483647;
			files = (
			);
			inputFileListPaths = (
				"${PODS_ROOT}/Target Support Files/Pods-LoginAPI/Pods-LoginAPI-frameworks-${CONFIGURATION}-input-files.xcfilelist",
			);
			name = "[CP] Embed Pods Frameworks";
			outputFileListPaths = (
				"${PODS_ROOT}/Target Support Files/Pods-LoginAPI/Pods-LoginAPI-frameworks-${CONFIGURATION}-output-files.xcfilelist",
			);
			runOnlyForDeploymentPostprocessing = 0;
			shellPath = /bin/sh;
			shellScript = "\"${PODS_ROOT}/Target Support Files/Pods-LoginAPI/Pods-LoginAPI-frameworks.sh\"\n";
			showEnvVarsInLog = 0;
		};
/* End PBXShellScriptBuildPhase section */

/* Begin PBXSourcesBuildPhase section */
		5E23362729E4E12900F2E544 /* Sources */ = {
			isa = PBXSourcesBuildPhase;
			buildActionMask = 2147483647;
			files = (
				5E23363329E4E12900F2E544 /* ViewController.swift in Sources */,
				5E23362F29E4E12900F2E544 /* AppDelegate.swift in Sources */,
				5EC9DFE429EE731400E2171F /* SNSLogin.swift in Sources */,
				5E23363129E4E12900F2E544 /* SceneDelegate.swift in Sources */,
				5E89986A29ECDCE1006FB1E3 /* JWTdecode.swift in Sources */,
			);
			runOnlyForDeploymentPostprocessing = 0;
		};
/* End PBXSourcesBuildPhase section */

/* Begin PBXVariantGroup section */
		5E23363429E4E12900F2E544 /* Main.storyboard */ = {
			isa = PBXVariantGroup;
			children = (
				5E23363529E4E12900F2E544 /* Base */,
			);
			name = Main.storyboard;
			sourceTree = "<group>";
		};
		5E23363929E4E12A00F2E544 /* LaunchScreen.storyboard */ = {
			isa = PBXVariantGroup;
			children = (
				5E23363A29E4E12A00F2E544 /* Base */,
			);
			name = LaunchScreen.storyboard;
			sourceTree = "<group>";
		};
/* End PBXVariantGroup section */

/* Begin XCBuildConfiguration section */
		5E23363D29E4E12A00F2E544 /* Debug */ = {
			isa = XCBuildConfiguration;
			buildSettings = {
				ALWAYS_SEARCH_USER_PATHS = NO;
				CLANG_ANALYZER_NONNULL = YES;
				CLANG_ANALYZER_NUMBER_OBJECT_CONVERSION = YES_AGGRESSIVE;
				CLANG_CXX_LANGUAGE_STANDARD = "gnu++20";
				CLANG_ENABLE_MODULES = YES;
				CLANG_ENABLE_OBJC_ARC = YES;
				CLANG_ENABLE_OBJC_WEAK = YES;
				CLANG_WARN_BLOCK_CAPTURE_AUTORELEASING = YES;
				CLANG_WARN_BOOL_CONVERSION = YES;
				CLANG_WARN_COMMA = YES;
				CLANG_WARN_CONSTANT_CONVERSION = YES;
				CLANG_WARN_DEPRECATED_OBJC_IMPLEMENTATIONS = YES;
				CLANG_WARN_DIRECT_OBJC_ISA_USAGE = YES_ERROR;
				CLANG_WARN_DOCUMENTATION_COMMENTS = YES;
				CLANG_WARN_EMPTY_BODY = YES;
				CLANG_WARN_ENUM_CONVERSION = YES;
				CLANG_WARN_INFINITE_RECURSION = YES;
				CLANG_WARN_INT_CONVERSION = YES;
				CLANG_WARN_NON_LITERAL_NULL_CONVERSION = YES;
				CLANG_WARN_OBJC_IMPLICIT_RETAIN_SELF = YES;
				CLANG_WARN_OBJC_LITERAL_CONVERSION = YES;
				CLANG_WARN_OBJC_ROOT_CLASS = YES_ERROR;
				CLANG_WARN_QUOTED_INCLUDE_IN_FRAMEWORK_HEADER = YES;
				CLANG_WARN_RANGE_LOOP_ANALYSIS = YES;
				CLANG_WARN_STRICT_PROTOTYPES = YES;
				CLANG_WARN_SUSPICIOUS_MOVE = YES;
				CLANG_WARN_UNGUARDED_AVAILABILITY = YES_AGGRESSIVE;
				CLANG_WARN_UNREACHABLE_CODE = YES;
				CLANG_WARN__DUPLICATE_METHOD_MATCH = YES;
				COPY_PHASE_STRIP = NO;
				DEBUG_INFORMATION_FORMAT = dwarf;
				ENABLE_STRICT_OBJC_MSGSEND = YES;
				ENABLE_TESTABILITY = YES;
				GCC_C_LANGUAGE_STANDARD = gnu11;
				GCC_DYNAMIC_NO_PIC = NO;
				GCC_NO_COMMON_BLOCKS = YES;
				GCC_OPTIMIZATION_LEVEL = 0;
				GCC_PREPROCESSOR_DEFINITIONS = (
					"DEBUG=1",
					"$(inherited)",
				);
				GCC_WARN_64_TO_32_BIT_CONVERSION = YES;
				GCC_WARN_ABOUT_RETURN_TYPE = YES_ERROR;
				GCC_WARN_UNDECLARED_SELECTOR = YES;
				GCC_WARN_UNINITIALIZED_AUTOS = YES_AGGRESSIVE;
				GCC_WARN_UNUSED_FUNCTION = YES;
				GCC_WARN_UNUSED_VARIABLE = YES;
				IPHONEOS_DEPLOYMENT_TARGET = 16.2;
				MTL_ENABLE_DEBUG_INFO = INCLUDE_SOURCE;
				MTL_FAST_MATH = YES;
				ONLY_ACTIVE_ARCH = YES;
				SDKROOT = iphoneos;
				SWIFT_ACTIVE_COMPILATION_CONDITIONS = DEBUG;
				SWIFT_OPTIMIZATION_LEVEL = "-Onone";
			};
			name = Debug;
		};
		5E23363E29E4E12A00F2E544 /* Release */ = {
			isa = XCBuildConfiguration;
			buildSettings = {
				ALWAYS_SEARCH_USER_PATHS = NO;
				CLANG_ANALYZER_NONNULL = YES;
				CLANG_ANALYZER_NUMBER_OBJECT_CONVERSION = YES_AGGRESSIVE;
				CLANG_CXX_LANGUAGE_STANDARD = "gnu++20";
				CLANG_ENABLE_MODULES = YES;
				CLANG_ENABLE_OBJC_ARC = YES;
				CLANG_ENABLE_OBJC_WEAK = YES;
				CLANG_WARN_BLOCK_CAPTURE_AUTORELEASING = YES;
				CLANG_WARN_BOOL_CONVERSION = YES;
				CLANG_WARN_COMMA = YES;
				CLANG_WARN_CONSTANT_CONVERSION = YES;
				CLANG_WARN_DEPRECATED_OBJC_IMPLEMENTATIONS = YES;
				CLANG_WARN_DIRECT_OBJC_ISA_USAGE = YES_ERROR;
				CLANG_WARN_DOCUMENTATION_COMMENTS = YES;
				CLANG_WARN_EMPTY_BODY = YES;
				CLANG_WARN_ENUM_CONVERSION = YES;
				CLANG_WARN_INFINITE_RECURSION = YES;
				CLANG_WARN_INT_CONVERSION = YES;
				CLANG_WARN_NON_LITERAL_NULL_CONVERSION = YES;
				CLANG_WARN_OBJC_IMPLICIT_RETAIN_SELF = YES;
				CLANG_WARN_OBJC_LITERAL_CONVERSION = YES;
				CLANG_WARN_OBJC_ROOT_CLASS = YES_ERROR;
				CLANG_WARN_QUOTED_INCLUDE_IN_FRAMEWORK_HEADER = YES;
				CLANG_WARN_RANGE_LOOP_ANALYSIS = YES;
				CLANG_WARN_STRICT_PROTOTYPES = YES;
				CLANG_WARN_SUSPICIOUS_MOVE = YES;
				CLANG_WARN_UNGUARDED_AVAILABILITY = YES_AGGRESSIVE;
				CLANG_WARN_UNREACHABLE_CODE = YES;
				CLANG_WARN__DUPLICATE_METHOD_MATCH = YES;
				COPY_PHASE_STRIP = NO;
				DEBUG_INFORMATION_FORMAT = "dwarf-with-dsym";
				ENABLE_NS_ASSERTIONS = NO;
				ENABLE_STRICT_OBJC_MSGSEND = YES;
				GCC_C_LANGUAGE_STANDARD = gnu11;
				GCC_NO_COMMON_BLOCKS = YES;
				GCC_WARN_64_TO_32_BIT_CONVERSION = YES;
				GCC_WARN_ABOUT_RETURN_TYPE = YES_ERROR;
				GCC_WARN_UNDECLARED_SELECTOR = YES;
				GCC_WARN_UNINITIALIZED_AUTOS = YES_AGGRESSIVE;
				GCC_WARN_UNUSED_FUNCTION = YES;
				GCC_WARN_UNUSED_VARIABLE = YES;
				IPHONEOS_DEPLOYMENT_TARGET = 16.2;
				MTL_ENABLE_DEBUG_INFO = NO;
				MTL_FAST_MATH = YES;
				SDKROOT = iphoneos;
				SWIFT_COMPILATION_MODE = wholemodule;
				SWIFT_OPTIMIZATION_LEVEL = "-O";
				VALIDATE_PRODUCT = YES;
			};
			name = Release;
		};
		5E23364029E4E12A00F2E544 /* Debug */ = {
			isa = XCBuildConfiguration;
			baseConfigurationReference = CD75C1F8F89864A4437FE2C3 /* Pods-LoginAPI.debug.xcconfig */;
			buildSettings = {
				ASSETCATALOG_COMPILER_APPICON_NAME = AppIcon;
				ASSETCATALOG_COMPILER_GLOBAL_ACCENT_COLOR_NAME = AccentColor;
				CODE_SIGN_ENTITLEMENTS = LoginAPI/LoginAPI.entitlements;
				CODE_SIGN_STYLE = Automatic;
				CURRENT_PROJECT_VERSION = 1;
				DEVELOPMENT_TEAM = 8DHJJJ66LY;
				GENERATE_INFOPLIST_FILE = YES;
				INFOPLIST_FILE = LoginAPI/Info.plist;
				INFOPLIST_KEY_UIApplicationSupportsIndirectInputEvents = YES;
				INFOPLIST_KEY_UILaunchStoryboardName = LaunchScreen;
				INFOPLIST_KEY_UIMainStoryboardFile = Main;
				INFOPLIST_KEY_UISupportedInterfaceOrientations_iPad = "UIInterfaceOrientationPortrait UIInterfaceOrientationPortraitUpsideDown UIInterfaceOrientationLandscapeLeft UIInterfaceOrientationLandscapeRight";
				INFOPLIST_KEY_UISupportedInterfaceOrientations_iPhone = "UIInterfaceOrientationPortrait UIInterfaceOrientationLandscapeLeft UIInterfaceOrientationLandscapeRight";
				LD_RUNPATH_SEARCH_PATHS = (
					"$(inherited)",
					"@executable_path/Frameworks",
				);
				MARKETING_VERSION = 1.0;
				PRODUCT_BUNDLE_IDENTIFIER = com.gonigon.LoginAPI;
				PRODUCT_NAME = "$(TARGET_NAME)";
				SWIFT_EMIT_LOC_STRINGS = YES;
				SWIFT_VERSION = 5.0;
				TARGETED_DEVICE_FAMILY = "1,2";
			};
			name = Debug;
		};
		5E23364129E4E12A00F2E544 /* Release */ = {
			isa = XCBuildConfiguration;
			baseConfigurationReference = 22117BA72A336E145A1FB48B /* Pods-LoginAPI.release.xcconfig */;
			buildSettings = {
				ASSETCATALOG_COMPILER_APPICON_NAME = AppIcon;
				ASSETCATALOG_COMPILER_GLOBAL_ACCENT_COLOR_NAME = AccentColor;
				CODE_SIGN_ENTITLEMENTS = LoginAPI/LoginAPI.entitlements;
				CODE_SIGN_STYLE = Automatic;
				CURRENT_PROJECT_VERSION = 1;
				DEVELOPMENT_TEAM = 8DHJJJ66LY;
				GENERATE_INFOPLIST_FILE = YES;
				INFOPLIST_FILE = LoginAPI/Info.plist;
				INFOPLIST_KEY_UIApplicationSupportsIndirectInputEvents = YES;
				INFOPLIST_KEY_UILaunchStoryboardName = LaunchScreen;
				INFOPLIST_KEY_UIMainStoryboardFile = Main;
				INFOPLIST_KEY_UISupportedInterfaceOrientations_iPad = "UIInterfaceOrientationPortrait UIInterfaceOrientationPortraitUpsideDown UIInterfaceOrientationLandscapeLeft UIInterfaceOrientationLandscapeRight";
				INFOPLIST_KEY_UISupportedInterfaceOrientations_iPhone = "UIInterfaceOrientationPortrait UIInterfaceOrientationLandscapeLeft UIInterfaceOrientationLandscapeRight";
				LD_RUNPATH_SEARCH_PATHS = (
					"$(inherited)",
					"@executable_path/Frameworks",
				);
				MARKETING_VERSION = 1.0;
				PRODUCT_BUNDLE_IDENTIFIER = com.gonigon.LoginAPI;
				PRODUCT_NAME = "$(TARGET_NAME)";
				SWIFT_EMIT_LOC_STRINGS = YES;
				SWIFT_VERSION = 5.0;
				TARGETED_DEVICE_FAMILY = "1,2";
			};
			name = Release;
		};
/* End XCBuildConfiguration section */

/* Begin XCConfigurationList section */
		5E23362629E4E12900F2E544 /* Build configuration list for PBXProject "LoginAPI" */ = {
			isa = XCConfigurationList;
			buildConfigurations = (
				5E23363D29E4E12A00F2E544 /* Debug */,
				5E23363E29E4E12A00F2E544 /* Release */,
			);
			defaultConfigurationIsVisible = 0;
			defaultConfigurationName = Release;
		};
		5E23363F29E4E12A00F2E544 /* Build configuration list for PBXNativeTarget "LoginAPI" */ = {
			isa = XCConfigurationList;
			buildConfigurations = (
				5E23364029E4E12A00F2E544 /* Debug */,
				5E23364129E4E12A00F2E544 /* Release */,
			);
			defaultConfigurationIsVisible = 0;
			defaultConfigurationName = Release;
		};
/* End XCConfigurationList section */
	};
	rootObject = 5E23362329E4E12900F2E544 /* Project object */;
}
